
Microsoft Visual Studio Solution File, Format Version 12.00
# Visual Studio Version 17
VisualStudioVersion = 17.14.36121.58 d17.14
MinimumVisualStudioVersion = 10.0.40219.1
Project("{FAE04EC0-301F-11D3-BF4B-00C04F79EFBC}") = "ProjetoPizzaria", "ProjetoPizzaria\ProjetoPizzaria.csproj", "{3A75DA2C-FD17-4014-BEE8-AC7D6E8B56DE}"
EndProject
Global
	GlobalSection(SolutionConfigurationPlatforms) = preSolution
		Debug|Any CPU = Debug|Any CPU
		Release|Any CPU = Release|Any CPU
	EndGlobalSection
	GlobalSection(ProjectConfigurationPlatforms) = postSolution
		{3A75DA2C-FD17-4014-BEE8-AC7D6E8B56DE}.Debug|Any CPU.ActiveCfg = Debug|Any CPU
		{3A75DA2C-FD17-4014-BEE8-AC7D6E8B56DE}.Debug|Any CPU.Build.0 = Debug|Any CPU
		{3A75DA2C-FD17-4014-BEE8-AC7D6E8B56DE}.Release|Any CPU.ActiveCfg = Release|Any CPU
		{3A75DA2C-FD17-4014-BEE8-AC7D6E8B56DE}.Release|Any CPU.Build.0 = Release|Any CPU
	EndGlobalSection
	GlobalSection(SolutionProperties) = preSolution
		HideSolutionNode = FALSE
	EndGlobalSection
	GlobalSection(ExtensibilityGlobals) = postSolution
		SolutionGuid = {8F6804F8-F4F1-41E3-AA93-C884B415BD5E}
	EndGlobalSection
EndGlobal
